
Microsoft Visual Studio Solution File, Format Version 12.00
# Visual Studio Version 16
VisualStudioVersion = 16.0.29306.81
MinimumVisualStudioVersion = 10.0.40219.1
Project("{FAE04EC0-301F-11D3-BF4B-00C04F79EFBC}") = "PartBuilder.GetPoint", "PartBuilder.GetPoint\PartBuilder.GetPoint.csproj", "{F4D044BE-3D88-4DF9-AC3B-D5B7C9FB87E4}"
EndProject
Global
	GlobalSection(SolutionConfigurationPlatforms) = preSolution
		Debug|Any CPU = Debug|Any CPU
		Release|Any CPU = Release|Any CPU
	EndGlobalSection
	GlobalSection(ProjectConfigurationPlatforms) = postSolution
		{F4D044BE-3D88-4DF9-AC3B-D5B7C9FB87E4}.Debug|Any CPU.ActiveCfg = Debug|Any CPU
		{F4D044BE-3D88-4DF9-AC3B-D5B7C9FB87E4}.Debug|Any CPU.Build.0 = Debug|Any CPU
		{F4D044BE-3D88-4DF9-AC3B-D5B7C9FB87E4}.Release|Any CPU.ActiveCfg = Release|Any CPU
		{F4D044BE-3D88-4DF9-AC3B-D5B7C9FB87E4}.Release|Any CPU.Build.0 = Release|Any CPU
	EndGlobalSection
	GlobalSection(SolutionProperties) = preSolution
		HideSolutionNode = FALSE
	EndGlobalSection
	GlobalSection(ExtensibilityGlobals) = postSolution
		SolutionGuid = {F3E16E57-455C-4BF0-AD0A-371899DE9957}
	EndGlobalSection
EndGlobal
